
Microsoft Visual Studio Solution File, Format Version 12.00
# Visual Studio Version 16
VisualStudioVersion = 16.0.29409.12
MinimumVisualStudioVersion = 10.0.40219.1
Project("{FAE04EC0-301F-11D3-BF4B-00C04F79EFBC}") = "02_01_01_SimpleDelegateUse", "02_01_01_SimpleDelegateUse\02_01_01_SimpleDelegateUse.csproj", "{9C444D7A-11EA-4A38-8C6B-E17C661A728E}"
EndProject
Global
	GlobalSection(SolutionConfigurationPlatforms) = preSolution
		Debug|Any CPU = Debug|Any CPU
		Release|Any CPU = Release|Any CPU
	EndGlobalSection
	GlobalSection(ProjectConfigurationPlatforms) = postSolution
		{9C444D7A-11EA-4A38-8C6B-E17C661A728E}.Debug|Any CPU.ActiveCfg = Debug|Any CPU
		{9C444D7A-11EA-4A38-8C6B-E17C661A728E}.Debug|Any CPU.Build.0 = Debug|Any CPU
		{9C444D7A-11EA-4A38-8C6B-E17C661A728E}.Release|Any CPU.ActiveCfg = Release|Any CPU
		{9C444D7A-11EA-4A38-8C6B-E17C661A728E}.Release|Any CPU.Build.0 = Release|Any CPU
	EndGlobalSection
	GlobalSection(SolutionProperties) = preSolution
		HideSolutionNode = FALSE
	EndGlobalSection
	GlobalSection(ExtensibilityGlobals) = postSolution
		SolutionGuid = {B32F8F32-94AE-4940-AF9A-48B4D1AF9BA1}
	EndGlobalSection
EndGlobal
